
Microsoft Visual Studio Solution File, Format Version 12.00
# Visual Studio Version 16
VisualStudioVersion = 16.0.31729.503
MinimumVisualStudioVersion = 10.0.40219.1
Project("{FAE04EC0-301F-11D3-BF4B-00C04F79EFBC}") = "Coba git", "Coba git.csproj", "{80EA34D0-3446-42CC-A919-D15184F8C726}"
EndProject
Global
	GlobalSection(SolutionConfigurationPlatforms) = preSolution
		Debug|Any CPU = Debug|Any CPU
		Release|Any CPU = Release|Any CPU
	EndGlobalSection
	GlobalSection(ProjectConfigurationPlatforms) = postSolution
		{80EA34D0-3446-42CC-A919-D15184F8C726}.Debug|Any CPU.ActiveCfg = Debug|Any CPU
		{80EA34D0-3446-42CC-A919-D15184F8C726}.Debug|Any CPU.Build.0 = Debug|Any CPU
		{80EA34D0-3446-42CC-A919-D15184F8C726}.Release|Any CPU.ActiveCfg = Release|Any CPU
		{80EA34D0-3446-42CC-A919-D15184F8C726}.Release|Any CPU.Build.0 = Release|Any CPU
	EndGlobalSection
	GlobalSection(SolutionProperties) = preSolution
		HideSolutionNode = FALSE
	EndGlobalSection
	GlobalSection(ExtensibilityGlobals) = postSolution
		SolutionGuid = {36D68F24-FA3B-4EF5-AA8A-A3619E3DEDF3}
	EndGlobalSection
EndGlobal
